
Microsoft Visual Studio Solution File, Format Version 12.00
# Visual Studio Version 16
VisualStudioVersion = 16.0.32413.511
MinimumVisualStudioVersion = 10.0.40219.1
Project("{FAE04EC0-301F-11D3-BF4B-00C04F79EFBC}") = "Arvato_Homework1", "Arvato_Homework1\Arvato_Homework1.csproj", "{0A654CC5-6187-44BC-9742-14A9F3146DC8}"
EndProject
Global
	GlobalSection(SolutionConfigurationPlatforms) = preSolution
		Debug|Any CPU = Debug|Any CPU
		Release|Any CPU = Release|Any CPU
	EndGlobalSection
	GlobalSection(ProjectConfigurationPlatforms) = postSolution
		{0A654CC5-6187-44BC-9742-14A9F3146DC8}.Debug|Any CPU.ActiveCfg = Debug|Any CPU
		{0A654CC5-6187-44BC-9742-14A9F3146DC8}.Debug|Any CPU.Build.0 = Debug|Any CPU
		{0A654CC5-6187-44BC-9742-14A9F3146DC8}.Release|Any CPU.ActiveCfg = Release|Any CPU
		{0A654CC5-6187-44BC-9742-14A9F3146DC8}.Release|Any CPU.Build.0 = Release|Any CPU
	EndGlobalSection
	GlobalSection(SolutionProperties) = preSolution
		HideSolutionNode = FALSE
	EndGlobalSection
	GlobalSection(ExtensibilityGlobals) = postSolution
		SolutionGuid = {DA2DBEF9-1DD2-46B8-A4BC-C2ED6109BA13}
	EndGlobalSection
EndGlobal
